
Microsoft Visual Studio Solution File, Format Version 12.00
# Visual Studio Version 17
VisualStudioVersion = 17.1.32414.318
MinimumVisualStudioVersion = 10.0.40219.1
Project("{FAE04EC0-301F-11D3-BF4B-00C04F79EFBC}") = "Boss Battle - The Point", "Boss Battle - The Point.csproj", "{5C251E91-C1BC-4B86-9584-95F7DD2E3203}"
EndProject
Global
	GlobalSection(SolutionConfigurationPlatforms) = preSolution
		Debug|Any CPU = Debug|Any CPU
		Release|Any CPU = Release|Any CPU
	EndGlobalSection
	GlobalSection(ProjectConfigurationPlatforms) = postSolution
		{5C251E91-C1BC-4B86-9584-95F7DD2E3203}.Debug|Any CPU.ActiveCfg = Debug|Any CPU
		{5C251E91-C1BC-4B86-9584-95F7DD2E3203}.Debug|Any CPU.Build.0 = Debug|Any CPU
		{5C251E91-C1BC-4B86-9584-95F7DD2E3203}.Release|Any CPU.ActiveCfg = Release|Any CPU
		{5C251E91-C1BC-4B86-9584-95F7DD2E3203}.Release|Any CPU.Build.0 = Release|Any CPU
	EndGlobalSection
	GlobalSection(SolutionProperties) = preSolution
		HideSolutionNode = FALSE
	EndGlobalSection
	GlobalSection(ExtensibilityGlobals) = postSolution
		SolutionGuid = {2CC4CCA0-B1D3-4A87-BE5C-599C19A33B1C}
	EndGlobalSection
EndGlobal
