
Microsoft Visual Studio Solution File, Format Version 12.00
# Visual Studio Version 17
VisualStudioVersion = 17.1.32414.318
MinimumVisualStudioVersion = 10.0.40219.1
Project("{FAE04EC0-301F-11D3-BF4B-00C04F79EFBC}") = "The Great Humanizer", "The Great Humanizer.csproj", "{686F4E70-6EC8-47EF-B8FC-5302F1CEFEE4}"
EndProject
Global
	GlobalSection(SolutionConfigurationPlatforms) = preSolution
		Debug|Any CPU = Debug|Any CPU
		Release|Any CPU = Release|Any CPU
	EndGlobalSection
	GlobalSection(ProjectConfigurationPlatforms) = postSolution
		{686F4E70-6EC8-47EF-B8FC-5302F1CEFEE4}.Debug|Any CPU.ActiveCfg = Debug|Any CPU
		{686F4E70-6EC8-47EF-B8FC-5302F1CEFEE4}.Debug|Any CPU.Build.0 = Debug|Any CPU
		{686F4E70-6EC8-47EF-B8FC-5302F1CEFEE4}.Release|Any CPU.ActiveCfg = Release|Any CPU
		{686F4E70-6EC8-47EF-B8FC-5302F1CEFEE4}.Release|Any CPU.Build.0 = Release|Any CPU
	EndGlobalSection
	GlobalSection(SolutionProperties) = preSolution
		HideSolutionNode = FALSE
	EndGlobalSection
	GlobalSection(ExtensibilityGlobals) = postSolution
		SolutionGuid = {5CE31133-E9BE-4BE2-8808-874A52F1E73A}
	EndGlobalSection
EndGlobal
