
Microsoft Visual Studio Solution File, Format Version 12.00
# Visual Studio Version 17
VisualStudioVersion = 17.1.32414.318
MinimumVisualStudioVersion = 10.0.40219.1
Project("{FAE04EC0-301F-11D3-BF4B-00C04F79EFBC}") = "War Preparations", "War Preparations.csproj", "{5D4D60E1-7259-488D-853C-CCD67237D6D9}"
EndProject
Global
	GlobalSection(SolutionConfigurationPlatforms) = preSolution
		Debug|Any CPU = Debug|Any CPU
		Release|Any CPU = Release|Any CPU
	EndGlobalSection
	GlobalSection(ProjectConfigurationPlatforms) = postSolution
		{5D4D60E1-7259-488D-853C-CCD67237D6D9}.Debug|Any CPU.ActiveCfg = Debug|Any CPU
		{5D4D60E1-7259-488D-853C-CCD67237D6D9}.Debug|Any CPU.Build.0 = Debug|Any CPU
		{5D4D60E1-7259-488D-853C-CCD67237D6D9}.Release|Any CPU.ActiveCfg = Release|Any CPU
		{5D4D60E1-7259-488D-853C-CCD67237D6D9}.Release|Any CPU.Build.0 = Release|Any CPU
	EndGlobalSection
	GlobalSection(SolutionProperties) = preSolution
		HideSolutionNode = FALSE
	EndGlobalSection
	GlobalSection(ExtensibilityGlobals) = postSolution
		SolutionGuid = {743741C7-7BA9-4D75-A16D-5D96EA58BF5E}
	EndGlobalSection
EndGlobal
