
Microsoft Visual Studio Solution File, Format Version 12.00
# Visual Studio Version 17
VisualStudioVersion = 17.1.32414.318
MinimumVisualStudioVersion = 10.0.40219.1
Project("{FAE04EC0-301F-11D3-BF4B-00C04F79EFBC}") = "Knowledge Check - Objects", "Knowledge Check - Objects.csproj", "{CC5B09AA-CFE2-4929-A86F-0833EE123099}"
EndProject
Global
	GlobalSection(SolutionConfigurationPlatforms) = preSolution
		Debug|Any CPU = Debug|Any CPU
		Release|Any CPU = Release|Any CPU
	EndGlobalSection
	GlobalSection(ProjectConfigurationPlatforms) = postSolution
		{CC5B09AA-CFE2-4929-A86F-0833EE123099}.Debug|Any CPU.ActiveCfg = Debug|Any CPU
		{CC5B09AA-CFE2-4929-A86F-0833EE123099}.Debug|Any CPU.Build.0 = Debug|Any CPU
		{CC5B09AA-CFE2-4929-A86F-0833EE123099}.Release|Any CPU.ActiveCfg = Release|Any CPU
		{CC5B09AA-CFE2-4929-A86F-0833EE123099}.Release|Any CPU.Build.0 = Release|Any CPU
	EndGlobalSection
	GlobalSection(SolutionProperties) = preSolution
		HideSolutionNode = FALSE
	EndGlobalSection
	GlobalSection(ExtensibilityGlobals) = postSolution
		SolutionGuid = {92D039FE-C258-46B7-869B-5D56BD191B0C}
	EndGlobalSection
EndGlobal
