
Microsoft Visual Studio Solution File, Format Version 12.00
# Visual Studio Version 17
VisualStudioVersion = 17.1.32414.318
MinimumVisualStudioVersion = 10.0.40219.1
Project("{FAE04EC0-301F-11D3-BF4B-00C04F79EFBC}") = "The Sieve", "The Sieve.csproj", "{277F0D8B-987B-4FA5-B25A-6F3F8EF13516}"
EndProject
Global
	GlobalSection(SolutionConfigurationPlatforms) = preSolution
		Debug|Any CPU = Debug|Any CPU
		Release|Any CPU = Release|Any CPU
	EndGlobalSection
	GlobalSection(ProjectConfigurationPlatforms) = postSolution
		{277F0D8B-987B-4FA5-B25A-6F3F8EF13516}.Debug|Any CPU.ActiveCfg = Debug|Any CPU
		{277F0D8B-987B-4FA5-B25A-6F3F8EF13516}.Debug|Any CPU.Build.0 = Debug|Any CPU
		{277F0D8B-987B-4FA5-B25A-6F3F8EF13516}.Release|Any CPU.ActiveCfg = Release|Any CPU
		{277F0D8B-987B-4FA5-B25A-6F3F8EF13516}.Release|Any CPU.Build.0 = Release|Any CPU
	EndGlobalSection
	GlobalSection(SolutionProperties) = preSolution
		HideSolutionNode = FALSE
	EndGlobalSection
	GlobalSection(ExtensibilityGlobals) = postSolution
		SolutionGuid = {4024D149-1AEF-44BF-8962-07AD8E285F1D}
	EndGlobalSection
EndGlobal
