
Microsoft Visual Studio Solution File, Format Version 12.00
# Visual Studio Version 17
VisualStudioVersion = 17.1.32414.318
MinimumVisualStudioVersion = 10.0.40219.1
Project("{FAE04EC0-301F-11D3-BF4B-00C04F79EFBC}") = "Repairing the Clocktower", "Repairing the Clocktower.csproj", "{8FA3C78A-86DB-4225-A205-A29340367D4A}"
EndProject
Global
	GlobalSection(SolutionConfigurationPlatforms) = preSolution
		Debug|Any CPU = Debug|Any CPU
		Release|Any CPU = Release|Any CPU
	EndGlobalSection
	GlobalSection(ProjectConfigurationPlatforms) = postSolution
		{8FA3C78A-86DB-4225-A205-A29340367D4A}.Debug|Any CPU.ActiveCfg = Debug|Any CPU
		{8FA3C78A-86DB-4225-A205-A29340367D4A}.Debug|Any CPU.Build.0 = Debug|Any CPU
		{8FA3C78A-86DB-4225-A205-A29340367D4A}.Release|Any CPU.ActiveCfg = Release|Any CPU
		{8FA3C78A-86DB-4225-A205-A29340367D4A}.Release|Any CPU.Build.0 = Release|Any CPU
	EndGlobalSection
	GlobalSection(SolutionProperties) = preSolution
		HideSolutionNode = FALSE
	EndGlobalSection
	GlobalSection(ExtensibilityGlobals) = postSolution
		SolutionGuid = {FB32EC3D-461C-4233-8FF7-12E73890D4E8}
	EndGlobalSection
EndGlobal
