
Microsoft Visual Studio Solution File, Format Version 12.00
# Visual Studio Version 17
VisualStudioVersion = 17.1.32414.318
MinimumVisualStudioVersion = 10.0.40219.1
Project("{FAE04EC0-301F-11D3-BF4B-00C04F79EFBC}") = "Discounted Inventory", "Discounted Inventory.csproj", "{7AA8B1E3-F487-4003-BAF6-EC17998D83E0}"
EndProject
Global
	GlobalSection(SolutionConfigurationPlatforms) = preSolution
		Debug|Any CPU = Debug|Any CPU
		Release|Any CPU = Release|Any CPU
	EndGlobalSection
	GlobalSection(ProjectConfigurationPlatforms) = postSolution
		{7AA8B1E3-F487-4003-BAF6-EC17998D83E0}.Debug|Any CPU.ActiveCfg = Debug|Any CPU
		{7AA8B1E3-F487-4003-BAF6-EC17998D83E0}.Debug|Any CPU.Build.0 = Debug|Any CPU
		{7AA8B1E3-F487-4003-BAF6-EC17998D83E0}.Release|Any CPU.ActiveCfg = Release|Any CPU
		{7AA8B1E3-F487-4003-BAF6-EC17998D83E0}.Release|Any CPU.Build.0 = Release|Any CPU
	EndGlobalSection
	GlobalSection(SolutionProperties) = preSolution
		HideSolutionNode = FALSE
	EndGlobalSection
	GlobalSection(ExtensibilityGlobals) = postSolution
		SolutionGuid = {C6144119-B14E-4FEB-BFC5-DCBB43B6CCC7}
	EndGlobalSection
EndGlobal
