
Microsoft Visual Studio Solution File, Format Version 12.00
# Visual Studio Version 17
VisualStudioVersion = 17.1.32414.318
MinimumVisualStudioVersion = 10.0.40219.1
Project("{FAE04EC0-301F-11D3-BF4B-00C04F79EFBC}") = "The Three Lenses", "The Three Lenses.csproj", "{44EC1E43-3792-416A-933D-F55C52EDE557}"
EndProject
Global
	GlobalSection(SolutionConfigurationPlatforms) = preSolution
		Debug|Any CPU = Debug|Any CPU
		Release|Any CPU = Release|Any CPU
	EndGlobalSection
	GlobalSection(ProjectConfigurationPlatforms) = postSolution
		{44EC1E43-3792-416A-933D-F55C52EDE557}.Debug|Any CPU.ActiveCfg = Debug|Any CPU
		{44EC1E43-3792-416A-933D-F55C52EDE557}.Debug|Any CPU.Build.0 = Debug|Any CPU
		{44EC1E43-3792-416A-933D-F55C52EDE557}.Release|Any CPU.ActiveCfg = Release|Any CPU
		{44EC1E43-3792-416A-933D-F55C52EDE557}.Release|Any CPU.Build.0 = Release|Any CPU
	EndGlobalSection
	GlobalSection(SolutionProperties) = preSolution
		HideSolutionNode = FALSE
	EndGlobalSection
	GlobalSection(ExtensibilityGlobals) = postSolution
		SolutionGuid = {DB08211A-0582-4A26-B67C-7D38E22A5D5F}
	EndGlobalSection
EndGlobal
