
Microsoft Visual Studio Solution File, Format Version 12.00
# Visual Studio Version 17
VisualStudioVersion = 17.1.32414.318
MinimumVisualStudioVersion = 10.0.40219.1
Project("{FAE04EC0-301F-11D3-BF4B-00C04F79EFBC}") = "Knowledge Check - CS", "Knowledge Check - CS.csproj", "{0C4E7E12-5E40-48C3-BD01-5C3C83672A33}"
EndProject
Global
	GlobalSection(SolutionConfigurationPlatforms) = preSolution
		Debug|Any CPU = Debug|Any CPU
		Release|Any CPU = Release|Any CPU
	EndGlobalSection
	GlobalSection(ProjectConfigurationPlatforms) = postSolution
		{0C4E7E12-5E40-48C3-BD01-5C3C83672A33}.Debug|Any CPU.ActiveCfg = Debug|Any CPU
		{0C4E7E12-5E40-48C3-BD01-5C3C83672A33}.Debug|Any CPU.Build.0 = Debug|Any CPU
		{0C4E7E12-5E40-48C3-BD01-5C3C83672A33}.Release|Any CPU.ActiveCfg = Release|Any CPU
		{0C4E7E12-5E40-48C3-BD01-5C3C83672A33}.Release|Any CPU.Build.0 = Release|Any CPU
	EndGlobalSection
	GlobalSection(SolutionProperties) = preSolution
		HideSolutionNode = FALSE
	EndGlobalSection
	GlobalSection(ExtensibilityGlobals) = postSolution
		SolutionGuid = {CE676349-4887-4161-AD0A-B23FA8309CC4}
	EndGlobalSection
EndGlobal
