
Microsoft Visual Studio Solution File, Format Version 12.00
# Visual Studio Version 17
VisualStudioVersion = 17.1.32414.318
MinimumVisualStudioVersion = 10.0.40219.1
Project("{FAE04EC0-301F-11D3-BF4B-00C04F79EFBC}") = "The Makings of a Programmer", "The Makings of a Programmer.csproj", "{BC453C76-3952-4C2C-A0B1-C6EBB282AA01}"
EndProject
Global
	GlobalSection(SolutionConfigurationPlatforms) = preSolution
		Debug|Any CPU = Debug|Any CPU
		Release|Any CPU = Release|Any CPU
	EndGlobalSection
	GlobalSection(ProjectConfigurationPlatforms) = postSolution
		{BC453C76-3952-4C2C-A0B1-C6EBB282AA01}.Debug|Any CPU.ActiveCfg = Debug|Any CPU
		{BC453C76-3952-4C2C-A0B1-C6EBB282AA01}.Debug|Any CPU.Build.0 = Debug|Any CPU
		{BC453C76-3952-4C2C-A0B1-C6EBB282AA01}.Release|Any CPU.ActiveCfg = Release|Any CPU
		{BC453C76-3952-4C2C-A0B1-C6EBB282AA01}.Release|Any CPU.Build.0 = Release|Any CPU
	EndGlobalSection
	GlobalSection(SolutionProperties) = preSolution
		HideSolutionNode = FALSE
	EndGlobalSection
	GlobalSection(ExtensibilityGlobals) = postSolution
		SolutionGuid = {16F0D922-7F10-4D2A-A8AF-E8D2696EAAAF}
	EndGlobalSection
EndGlobal
