
Microsoft Visual Studio Solution File, Format Version 12.00
# Visual Studio Version 17
VisualStudioVersion = 17.5.33502.453
MinimumVisualStudioVersion = 10.0.40219.1
Project("{FAE04EC0-301F-11D3-BF4B-00C04F79EFBC}") = "The Final Battle", "The Final Battle.csproj", "{0C560EAC-098A-4621-8B24-B61A0AB9EA4B}"
EndProject
Global
	GlobalSection(SolutionConfigurationPlatforms) = preSolution
		Debug|Any CPU = Debug|Any CPU
		Release|Any CPU = Release|Any CPU
	EndGlobalSection
	GlobalSection(ProjectConfigurationPlatforms) = postSolution
		{0C560EAC-098A-4621-8B24-B61A0AB9EA4B}.Debug|Any CPU.ActiveCfg = Debug|Any CPU
		{0C560EAC-098A-4621-8B24-B61A0AB9EA4B}.Debug|Any CPU.Build.0 = Debug|Any CPU
		{0C560EAC-098A-4621-8B24-B61A0AB9EA4B}.Release|Any CPU.ActiveCfg = Release|Any CPU
		{0C560EAC-098A-4621-8B24-B61A0AB9EA4B}.Release|Any CPU.Build.0 = Release|Any CPU
	EndGlobalSection
	GlobalSection(SolutionProperties) = preSolution
		HideSolutionNode = FALSE
	EndGlobalSection
	GlobalSection(ExtensibilityGlobals) = postSolution
		SolutionGuid = {3FAC9CDC-264C-4DAC-BF7E-5864E3990FD1}
	EndGlobalSection
EndGlobal
