
Microsoft Visual Studio Solution File, Format Version 12.00
# Visual Studio Version 17
VisualStudioVersion = 17.1.32414.318
MinimumVisualStudioVersion = 10.0.40219.1
Project("{FAE04EC0-301F-11D3-BF4B-00C04F79EFBC}") = "Boss Battle - Hunting the Manticore", "Boss Battle - Hunting the Manticore.csproj", "{ED94957E-4E48-4C65-BB2D-E76234589836}"
EndProject
Global
	GlobalSection(SolutionConfigurationPlatforms) = preSolution
		Debug|Any CPU = Debug|Any CPU
		Release|Any CPU = Release|Any CPU
	EndGlobalSection
	GlobalSection(ProjectConfigurationPlatforms) = postSolution
		{ED94957E-4E48-4C65-BB2D-E76234589836}.Debug|Any CPU.ActiveCfg = Debug|Any CPU
		{ED94957E-4E48-4C65-BB2D-E76234589836}.Debug|Any CPU.Build.0 = Debug|Any CPU
		{ED94957E-4E48-4C65-BB2D-E76234589836}.Release|Any CPU.ActiveCfg = Release|Any CPU
		{ED94957E-4E48-4C65-BB2D-E76234589836}.Release|Any CPU.Build.0 = Release|Any CPU
	EndGlobalSection
	GlobalSection(SolutionProperties) = preSolution
		HideSolutionNode = FALSE
	EndGlobalSection
	GlobalSection(ExtensibilityGlobals) = postSolution
		SolutionGuid = {DD12D4F4-235B-4725-96A3-F0936ED80698}
	EndGlobalSection
EndGlobal
